
Microsoft Visual Studio Solution File, Format Version 12.00
# Visual Studio Version 17
VisualStudioVersion = 17.1.32210.238
MinimumVisualStudioVersion = 10.0.40219.1
Project("{9A19103F-16F7-4668-BE54-9A1E7A4F7556}") = "server", "server.csproj", "{3605A918-C7AB-4CB8-AFB1-78126D12F908}"
EndProject
Project("{FAE04EC0-301F-11D3-BF4B-00C04F79EFBC}") = "Server.Tests", "..\Server.Tests\Server.Tests.csproj", "{B0FC42AC-1257-4404-947E-9DED658874DD}"
EndProject
Global
	GlobalSection(SolutionConfigurationPlatforms) = preSolution
		Debug|Any CPU = Debug|Any CPU
		Release|Any CPU = Release|Any CPU
	EndGlobalSection
	GlobalSection(ProjectConfigurationPlatforms) = postSolution
		{3605A918-C7AB-4CB8-AFB1-78126D12F908}.Debug|Any CPU.ActiveCfg = Debug|Any CPU
		{3605A918-C7AB-4CB8-AFB1-78126D12F908}.Debug|Any CPU.Build.0 = Debug|Any CPU
		{3605A918-C7AB-4CB8-AFB1-78126D12F908}.Release|Any CPU.ActiveCfg = Release|Any CPU
		{3605A918-C7AB-4CB8-AFB1-78126D12F908}.Release|Any CPU.Build.0 = Release|Any CPU
		{B0FC42AC-1257-4404-947E-9DED658874DD}.Debug|Any CPU.ActiveCfg = Debug|Any CPU
		{B0FC42AC-1257-4404-947E-9DED658874DD}.Debug|Any CPU.Build.0 = Debug|Any CPU
		{B0FC42AC-1257-4404-947E-9DED658874DD}.Release|Any CPU.ActiveCfg = Release|Any CPU
		{B0FC42AC-1257-4404-947E-9DED658874DD}.Release|Any CPU.Build.0 = Release|Any CPU
	EndGlobalSection
	GlobalSection(SolutionProperties) = preSolution
		HideSolutionNode = FALSE
	EndGlobalSection
	GlobalSection(ExtensibilityGlobals) = postSolution
		SolutionGuid = {A54C06B9-5ECA-460E-A57C-04316F1589B9}
	EndGlobalSection
EndGlobal
